<Project xmlns="http://schemas.microsoft.com/developer/msbuild/2003">
  <PropertyGroup>
    <ProjectGuid>{55f4faad-0e36-41bd-acce-e91958c9d3a9}</ProjectGuid>
    <MainSource>UnhandledExceptionManager.dpk</MainSource>
    <Configuration Condition=" '$(Configuration)' == '' ">Debug</Configuration>
    <Platform Condition=" '$(Platform)' == '' ">AnyCPU</Platform>
    <DCC_UsePackage>C:\Windows\Microsoft.NET\Framework\v2.0.50727\System.Windows.Forms.dll;C:\Windows\Microsoft.NET\Framework\v2.0.50727\System.Drawing.dll;C:\Windows\Microsoft.NET\Framework\v2.0.50727\System.dll</DCC_UsePackage>
    <DCC_DCCCompiler>DCCIL</DCC_DCCCompiler>
    <DCC_DependencyCheckOutputName>dcuil\UnhandledExceptionManager.dll</DCC_DependencyCheckOutputName>
  </PropertyGroup>
  <PropertyGroup Condition=" '$(Configuration)|$(Platform)' == 'Release|AnyCPU' ">
    <Version>7.0</Version>
    <DCC_Alignment>4</DCC_Alignment>
    <DCC_AssertionsAtRuntime>False</DCC_AssertionsAtRuntime>
    <DCC_DebugInformation>False</DCC_DebugInformation>
    <DCC_LocalDebugSymbols>False</DCC_LocalDebugSymbols>
    <DCC_SymbolReferenceInfo>0</DCC_SymbolReferenceInfo>
    <DCC_ExeOutput>release</DCC_ExeOutput>
    <DCC_DcuOutput>dcuil</DCC_DcuOutput>
    <DCC_ObjOutput>dcuil</DCC_ObjOutput>
    <DCC_HppOutput>dcuil</DCC_HppOutput>
    <DCC_BplOutput>dcuil</DCC_BplOutput>
    <DCC_DcpOutput>dcuil</DCC_DcpOutput>
    <DCC_Define>RELEASE</DCC_Define>
    <DCC_SignAssembly>True</DCC_SignAssembly>
    <DCC_KeyFile>D:\lextm\documents\SharpDevelop Projects\grapevine\thirdparties\24014_unhandledexceptionmanager_for_.net\key.snk</DCC_KeyFile>
  </PropertyGroup>
  <PropertyGroup Condition=" '$(Configuration)|$(Platform)' == 'Debug|AnyCPU' ">
    <Version>7.0</Version>
    <DCC_Alignment>4</DCC_Alignment>
    <DCC_AssertionsAtRuntime>False</DCC_AssertionsAtRuntime>
    <DCC_DebugInformation>False</DCC_DebugInformation>
    <DCC_LocalDebugSymbols>False</DCC_LocalDebugSymbols>
    <DCC_SymbolReferenceInfo>0</DCC_SymbolReferenceInfo>
    <DCC_DebugInfoInExe>True</DCC_DebugInfoInExe>
    <DCC_DebugVN>True</DCC_DebugVN>
    <DCC_ExeOutput>release</DCC_ExeOutput>
    <DCC_DcuOutput>dcuil</DCC_DcuOutput>
    <DCC_ObjOutput>dcuil</DCC_ObjOutput>
    <DCC_HppOutput>dcuil</DCC_HppOutput>
    <DCC_BplOutput>dcuil</DCC_BplOutput>
    <DCC_DcpOutput>dcuil</DCC_DcpOutput>
    <DCC_Platform>x86</DCC_Platform>
    <DCC_UnitSearchPath>C:\Program Files\Common Files\CodeGear Shared\Rad Studio\Shared Assemblies\5.0;C:\Windows\Microsoft.NET\Framework\v2.0.50727</DCC_UnitSearchPath>
    <DCC_ResourcePath>C:\Program Files\Common Files\CodeGear Shared\Rad Studio\Shared Assemblies\5.0;C:\Windows\Microsoft.NET\Framework\v2.0.50727</DCC_ResourcePath>
    <DCC_IncludePath>C:\Program Files\Common Files\CodeGear Shared\Rad Studio\Shared Assemblies\5.0;C:\Windows\Microsoft.NET\Framework\v2.0.50727</DCC_IncludePath>
    <DCC_SignAssembly>True</DCC_SignAssembly>
    <DCC_KeyFile>D:\lextm\documents\SharpDevelop Projects\grapevine\thirdparties\24014_unhandledexceptionmanager_for_.net\key.snk</DCC_KeyFile>
  </PropertyGroup>
  <ProjectExtensions>
    <Borland.Personality>DelphiDotNet.Personality</Borland.Personality>
    <Borland.ProjectType>Package</Borland.ProjectType>
    <BorlandProject>
<BorlandProject><DelphiDotNet.Personality><Parameters><Parameters Name="UseLauncher">False</Parameters><Parameters Name="LoadAllSymbols">True</Parameters><Parameters Name="LoadUnspecifiedSymbols">False</Parameters></Parameters><Package_Options><Package_Options Name="ImplicitBuild">False</Package_Options><Package_Options Name="DesigntimeOnly">False</Package_Options><Package_Options Name="RuntimeOnly">False</Package_Options></Package_Options><VersionInfo><VersionInfo Name="IncludeVerInfo">True</VersionInfo><VersionInfo Name="AutoIncBuild">False</VersionInfo><VersionInfo Name="MajorVer">1</VersionInfo><VersionInfo Name="MinorVer">0</VersionInfo><VersionInfo Name="Release">0</VersionInfo><VersionInfo Name="Build">0</VersionInfo><VersionInfo Name="Debug">False</VersionInfo><VersionInfo Name="PreRelease">False</VersionInfo><VersionInfo Name="Special">False</VersionInfo><VersionInfo Name="Private">False</VersionInfo><VersionInfo Name="DLL">False</VersionInfo><VersionInfo Name="Locale">2057</VersionInfo><VersionInfo Name="CodePage">1252</VersionInfo></VersionInfo><VersionInfoKeys><VersionInfoKeys Name="CompanyName"></VersionInfoKeys><VersionInfoKeys Name="FileDescription"></VersionInfoKeys><VersionInfoKeys Name="FileVersion">1.0.0.0</VersionInfoKeys><VersionInfoKeys Name="InternalName"></VersionInfoKeys><VersionInfoKeys Name="LegalCopyright"></VersionInfoKeys><VersionInfoKeys Name="LegalTrademarks"></VersionInfoKeys><VersionInfoKeys Name="OriginalFilename"></VersionInfoKeys><VersionInfoKeys Name="ProductName"></VersionInfoKeys><VersionInfoKeys Name="ProductVersion">1.0.0.0</VersionInfoKeys><VersionInfoKeys Name="Comments"></VersionInfoKeys></VersionInfoKeys><Source><Source Name="MainSource">UnhandledExceptionManager.dpk</Source></Source></DelphiDotNet.Personality></BorlandProject></BorlandProject>
  </ProjectExtensions>
  <Import Project="$(MSBuildBinPath)\Borland.Delphi.Targets" />
  <ItemGroup>
    <Reference Include="$(SystemRoot)\Microsoft.NET\Framework\v2.0.50727\System.dll">
      <AssemblyName>System</AssemblyName>
      <Version>2.0.0.0</Version>
      <HintPath>$(SystemRoot)\Microsoft.NET\Framework\v2.0.50727\System.dll</HintPath>
      <AssemblyTag>$(SystemRoot)\Microsoft.NET\Framework\v2.0.50727\System.dll</AssemblyTag>
      <LinkUnits>False</LinkUnits>
    </Reference>
    <Reference Include="$(SystemRoot)\Microsoft.NET\Framework\v2.0.50727\System.Drawing.dll">
      <AssemblyName>System.Drawing</AssemblyName>
      <Version>2.0.0.0</Version>
      <HintPath>$(SystemRoot)\Microsoft.NET\Framework\v2.0.50727\System.Drawing.dll</HintPath>
      <AssemblyTag>$(SystemRoot)\Microsoft.NET\Framework\v2.0.50727\System.Drawing.dll</AssemblyTag>
      <LinkUnits>False</LinkUnits>
    </Reference>
    <Reference Include="$(SystemRoot)\Microsoft.NET\Framework\v2.0.50727\System.Windows.Forms.dll">
      <AssemblyName>System.Windows.Forms</AssemblyName>
      <Version>2.0.0.0</Version>
      <HintPath>$(SystemRoot)\Microsoft.NET\Framework\v2.0.50727\System.Windows.Forms.dll</HintPath>
      <AssemblyTag>$(SystemRoot)\Microsoft.NET\Framework\v2.0.50727\System.Windows.Forms.dll</AssemblyTag>
      <LinkUnits>False</LinkUnits>
    </Reference>
  </ItemGroup>
  <ItemGroup>
    <DelphiCompile Include="UnhandledExceptionManager.dpk">
      <MainSource>MainSource</MainSource>
    </DelphiCompile>
    <EmbeddedResource Include="Form\UnhandledExceptionManager.Form.resx" />
    <DCCReference Include="Base\UnhandledExceptionManager.Base.pas" />
    <DCCReference Include="Form\UnhandledExceptionManager.Form.pas">
      <Form>UnhandledExceptionManager.Form.TExceptionDialog</Form>
      <DesignClass>System.Windows.Forms.Form</DesignClass>
    </DCCReference>
    <DCCReference Include="InfoInterface\UnhandledExceptionManager.InfoInterface.pas" />
    <None Include="key.snk" />
  </ItemGroup>
</Project>